
Microsoft Visual Studio Solution File, Format Version 12.00
# Visual Studio Version 17
VisualStudioVersion = 17.5.33530.505
MinimumVisualStudioVersion = 10.0.40219.1
Project("{FAE04EC0-301F-11D3-BF4B-00C04F79EFBC}") = "Backend", "Backend\Backend.csproj", "{FECA7F90-5907-40F2-A3C4-7302506B005B}"
EndProject
Global
	GlobalSection(SolutionConfigurationPlatforms) = preSolution
		Debug|Any CPU = Debug|Any CPU
		Release|Any CPU = Release|Any CPU
	EndGlobalSection
	GlobalSection(ProjectConfigurationPlatforms) = postSolution
		{FECA7F90-5907-40F2-A3C4-7302506B005B}.Debug|Any CPU.ActiveCfg = Debug|Any CPU
		{FECA7F90-5907-40F2-A3C4-7302506B005B}.Debug|Any CPU.Build.0 = Debug|Any CPU
		{FECA7F90-5907-40F2-A3C4-7302506B005B}.Release|Any CPU.ActiveCfg = Release|Any CPU
		{FECA7F90-5907-40F2-A3C4-7302506B005B}.Release|Any CPU.Build.0 = Release|Any CPU
	EndGlobalSection
	GlobalSection(SolutionProperties) = preSolution
		HideSolutionNode = FALSE
	EndGlobalSection
	GlobalSection(ExtensibilityGlobals) = postSolution
		SolutionGuid = {3D4D6528-93C7-4C00-AAAF-6F9EF1F97E63}
	EndGlobalSection
EndGlobal
